
Microsoft Visual Studio Solution File, Format Version 12.00
# Visual Studio Version 16
VisualStudioVersion = 16.0.31105.61
MinimumVisualStudioVersion = 10.0.40219.1
Project("{9A19103F-16F7-4668-BE54-9A1E7A4F7556}") = "IranTimes", "IranTimes.csproj", "{F983681F-58EA-45C0-B860-D19D97C4F613}"
EndProject
Global
	GlobalSection(SolutionConfigurationPlatforms) = preSolution
		Debug|Any CPU = Debug|Any CPU
		Release|Any CPU = Release|Any CPU
	EndGlobalSection
	GlobalSection(ProjectConfigurationPlatforms) = postSolution
		{F983681F-58EA-45C0-B860-D19D97C4F613}.Debug|Any CPU.ActiveCfg = Debug|Any CPU
		{F983681F-58EA-45C0-B860-D19D97C4F613}.Debug|Any CPU.Build.0 = Debug|Any CPU
		{F983681F-58EA-45C0-B860-D19D97C4F613}.Release|Any CPU.ActiveCfg = Release|Any CPU
		{F983681F-58EA-45C0-B860-D19D97C4F613}.Release|Any CPU.Build.0 = Release|Any CPU
	EndGlobalSection
	GlobalSection(SolutionProperties) = preSolution
		HideSolutionNode = FALSE
	EndGlobalSection
	GlobalSection(ExtensibilityGlobals) = postSolution
		SolutionGuid = {8E6C5C6F-6D7F-47E7-94FA-B9B274F86A21}
	EndGlobalSection
EndGlobal
